
Microsoft Visual Studio Solution File, Format Version 12.00
# Visual Studio Version 17
VisualStudioVersion = 17.4.33110.190
MinimumVisualStudioVersion = 10.0.40219.1
Project("{FAE04EC0-301F-11D3-BF4B-00C04F79EFBC}") = "WebApiRabbitmq", "WebApiRabbitmq\WebApiRabbitmq.csproj", "{890E8CCF-AAAA-41C3-AE74-3E075A0AE9C6}"
EndProject
Global
	GlobalSection(SolutionConfigurationPlatforms) = preSolution
		Debug|Any CPU = Debug|Any CPU
		Release|Any CPU = Release|Any CPU
	EndGlobalSection
	GlobalSection(ProjectConfigurationPlatforms) = postSolution
		{890E8CCF-AAAA-41C3-AE74-3E075A0AE9C6}.Debug|Any CPU.ActiveCfg = Debug|Any CPU
		{890E8CCF-AAAA-41C3-AE74-3E075A0AE9C6}.Debug|Any CPU.Build.0 = Debug|Any CPU
		{890E8CCF-AAAA-41C3-AE74-3E075A0AE9C6}.Release|Any CPU.ActiveCfg = Release|Any CPU
		{890E8CCF-AAAA-41C3-AE74-3E075A0AE9C6}.Release|Any CPU.Build.0 = Release|Any CPU
	EndGlobalSection
	GlobalSection(SolutionProperties) = preSolution
		HideSolutionNode = FALSE
	EndGlobalSection
	GlobalSection(ExtensibilityGlobals) = postSolution
		SolutionGuid = {0E36CC2E-C7D9-44E6-A189-3CB0E636AFD2}
	EndGlobalSection
EndGlobal
